
Microsoft Visual Studio Solution File, Format Version 12.00
# Visual Studio Version 17
VisualStudioVersion = 17.6.33829.357
MinimumVisualStudioVersion = 10.0.40219.1
Project("{FAE04EC0-301F-11D3-BF4B-00C04F79EFBC}") = "RabbitMQWeb.Watermark", "RabbitMQWeb.Watermark\RabbitMQWeb.Watermark.csproj", "{B8ACBFDA-EF89-48AE-AAB5-591CB126553D}"
EndProject
Global
	GlobalSection(SolutionConfigurationPlatforms) = preSolution
		Debug|Any CPU = Debug|Any CPU
		Release|Any CPU = Release|Any CPU
	EndGlobalSection
	GlobalSection(ProjectConfigurationPlatforms) = postSolution
		{B8ACBFDA-EF89-48AE-AAB5-591CB126553D}.Debug|Any CPU.ActiveCfg = Debug|Any CPU
		{B8ACBFDA-EF89-48AE-AAB5-591CB126553D}.Debug|Any CPU.Build.0 = Debug|Any CPU
		{B8ACBFDA-EF89-48AE-AAB5-591CB126553D}.Release|Any CPU.ActiveCfg = Release|Any CPU
		{B8ACBFDA-EF89-48AE-AAB5-591CB126553D}.Release|Any CPU.Build.0 = Release|Any CPU
	EndGlobalSection
	GlobalSection(SolutionProperties) = preSolution
		HideSolutionNode = FALSE
	EndGlobalSection
	GlobalSection(ExtensibilityGlobals) = postSolution
		SolutionGuid = {5A23EB68-F83C-4640-8807-0E99A6D74804}
	EndGlobalSection
EndGlobal
